lockfileVersion: '9.0'

settings:
  autoInstallPeers: true
  excludeLinksFromLockfile: false

importers:

  .:
    dependencies:
      '@inkandswitch/patchwork-bootloader':
        specifier: ^0.0.4
        version: 0.0.4(@automerge/automerge-repo-keyhive@0.0.0-alpha.71)(@automerge/automerge-repo@2.6.0-subduction.12)(@automerge/automerge@3.2.1)(@automerge/vanillajs@2.5.0)(@keyhive/keyhive@0.0.0-alpha.40)
      '@inkandswitch/patchwork-filesystem':
        specifier: ^0.0.4
        version: 0.0.4(@automerge/automerge-repo@2.6.0-subduction.12)(@automerge/automerge@3.2.1)
      '@inkandswitch/patchwork-plugins':
        specifier: ^0.0.6
        version: 0.0.6(@automerge/automerge-repo@2.6.0-subduction.12)(@automerge/automerge@3.2.1)(@inkandswitch/patchwork-filesystem@0.0.4(@automerge/automerge-repo@2.6.0-subduction.12)(@automerge/automerge@3.2.1))
    devDependencies:
      '@automerge/automerge-repo':
        specifier: ^2.6.0-subduction.9
        version: 2.6.0-subduction.12
      esbuild:
        specifier: ^0.23.1
        version: 0.23.1

packages:

  '@automerge/automerge-repo-keyhive@0.0.0-alpha.71':
    resolution: {integrity: sha512-bDP6QPNTG9eCYVnLW/PuODLFmGrOe4rwaOSAWLgW9VrHg/5aBlP0PmrzeJ58loYvGlqYeN6PWrV+GFDqCPUcug==}

  '@automerge/automerge-repo-network-broadcastchannel@2.5.0':
    resolution: {integrity: sha512-57rUTYf0W6kL9DXwjRtyGLqeyz65tDIpiNQdc1nXHnN4VkNMvNo0xzb37nyFKWHEqPWA0DGCcBA8HRlbVHHyHw==}

  '@automerge/automerge-repo-network-messagechannel@2.5.0':
    resolution: {integrity: sha512-G7m161tId4djPMzDPlP7nIEsDY7ddbKfKvpJP7kkVqv3OA/Ml8fzyKaU7C1++s/g0FSNCTiN6hOhFCbSkb6/Dw==}

  '@automerge/automerge-repo-network-websocket@2.5.0':
    resolution: {integrity: sha512-zrwbkW8hk3fWkXdeaH+YDfGG63WaB9WLfWYyinZx2AQv4mr6D6UhIhviIjweMmRxMLen6NlIcdu3toHV33ZuKg==}

  '@automerge/automerge-repo-network-websocket@2.5.0-alpha.2':
    resolution: {integrity: sha512-EtdsSA9PhuiWWbvT36DGylBeGCL7Aop8nSe4FrBYchBCWpqqZOBLdbxD0crwbCUwTBTJy76pXhSHjObQi0y4zQ==}

  '@automerge/automerge-repo-storage-indexeddb@2.5.0':
    resolution: {integrity: sha512-7MJYJ5S6K7dHlbvs5/u/v9iexqOeprU/qQonup28r2IoVqwzjuN5ezaoVk6JRBMDI/ZxWfU4rNrqVrVlB49yXA==}

  '@automerge/automerge-repo@2.5.0':
    resolution: {integrity: sha512-bdxuMuKmxw0ZjwQXecrIX1VrHXf445bYCftNJJ5vqgGWVvINB5ZKFYAbtgPIyu1Y0TXQKvc6eqESaDeL+g8MmA==}

  '@automerge/automerge-repo@2.5.0-alpha.2':
    resolution: {integrity: sha512-Sjl1CaD4IpmboNIG9/EL9Run+AKrL8/1h3Om1NZp9syBnJN8OWjeG4ttpQce6k8HdPyl8sllAHYy8/Q4Ukh39w==}

  '@automerge/automerge-repo@2.6.0-subduction.12':
    resolution: {integrity: sha512-yyvifpGsmiEs6fWSkNShEPwwMRn/Tp9ciwPwvYk3+0HQPUXMZ7SFpto1pzAHj1AYxqIOt+J5d28Nt7fIo6z4hQ==}

  '@automerge/automerge-subduction@0.7.0':
    resolution: {integrity: sha512-I838jrX+j6zeLEIyszuA246OY1HnTyS+bXODJAVlBmXGM0QzasRePulNrzJtclvowzhY56SybUj4+j/PNCdBhA==}

  '@automerge/automerge@3.2.1':
    resolution: {integrity: sha512-xsEZlZe8lWyVCbD7Z7roH4X6ZKlRxMmmumb0M5CuxJWptUEfYsf+1z9lFEJh4aDBbWTLAgxsXd+TBi6jKTj0+g==}

  '@automerge/automerge@3.2.5':
    resolution: {integrity: sha512-tCdaGDTLaRzBJV+Q9zMyyEH/vUFkBNh21jpwlpcEYV7gs5r63xh9UFa1N3yNJ5ZzmiLBD42TIBeqK+g54sLp0w==}

  '@automerge/vanillajs@2.5.0':
    resolution: {integrity: sha512-18Z179fBkRYhfJOvzcz5NU+TSJOfOBez1ZQqjNnRlmHB0xwaC9P/MFuuc9ujWtJSiRAh6jzB3HxUZpCIjEfXFw==}

  '@cbor-extract/cbor-extract-darwin-arm64@2.2.2':
    resolution: {integrity: sha512-ZKZ/F8US7JR92J4DMct6cLW/Y66o2K576+zjlEN/MevH70bFIsB10wkZEQPLzl2oNh2SMGy55xpJ9JoBRl5DOA==}
    cpu: [arm64]
    os: [darwin]

  '@cbor-extract/cbor-extract-darwin-x64@2.2.2':
    resolution: {integrity: sha512-32b1mgc+P61Js+KW9VZv/c+xRw5EfmOcPx990JbCBSkYJFY0l25VinvyyWfl+3KjibQmAcYwmyzKF9J4DyKP/Q==}
    cpu: [x64]
    os: [darwin]

  '@cbor-extract/cbor-extract-linux-arm64@2.2.2':
    resolution: {integrity: sha512-wfqgzqCAy/Vn8i6WVIh7qZd0DdBFaWBjPdB6ma+Wihcjv0gHqD/mw3ouVv7kbbUNrab6dKEx/w3xQZEdeXIlzg==}
    cpu: [arm64]
    os: [linux]

  '@cbor-extract/cbor-extract-linux-arm@2.2.2':
    resolution: {integrity: sha512-tNg0za41TpQfkhWjptD+0gSD2fggMiDCSacuIeELyb2xZhr7PrhPe5h66Jc67B/5dmpIhI2QOUtv4SBsricyYQ==}
    cpu: [arm]
    os: [linux]

  '@cbor-extract/cbor-extract-linux-x64@2.2.2':
    resolution: {integrity: sha512-rpiLnVEsqtPJ+mXTdx1rfz4RtUGYIUg2rUAZgd1KjiC1SehYUSkJN7Yh+aVfSjvCGtVP0/bfkQkXpPXKbmSUaA==}
    cpu: [x64]
    os: [linux]

  '@cbor-extract/cbor-extract-win32-x64@2.2.2':
    resolution: {integrity: sha512-dI+9P7cfWxkTQ+oE+7Aa6onEn92PHgfWXZivjNheCRmTBDBf2fx6RyTi0cmgpYLnD1KLZK9ZYrMxaPZ4oiXhGA==}
    cpu: [x64]
    os: [win32]

  '@esbuild/aix-ppc64@0.23.1':
    resolution: {integrity: sha512-6VhYk1diRqrhBAqpJEdjASR/+WVRtfjpqKuNw11cLiaWpAT/Uu+nokB+UJnevzy/P9C/ty6AOe0dwueMrGh/iQ==}
    engines: {node: '>=18'}
    cpu: [ppc64]
    os: [aix]

  '@esbuild/android-arm64@0.23.1':
    resolution: {integrity: sha512-xw50ipykXcLstLeWH7WRdQuysJqejuAGPd30vd1i5zSyKK3WE+ijzHmLKxdiCMtH1pHz78rOg0BKSYOSB/2Khw==}
    engines: {node: '>=18'}
    cpu: [arm64]
    os: [android]

  '@esbuild/android-arm@0.23.1':
    resolution: {integrity: sha512-uz6/tEy2IFm9RYOyvKl88zdzZfwEfKZmnX9Cj1BHjeSGNuGLuMD1kR8y5bteYmwqKm1tj8m4cb/aKEorr6fHWQ==}
    engines: {node: '>=18'}
    cpu: [arm]
    os: [android]

  '@esbuild/android-x64@0.23.1':
    resolution: {integrity: sha512-nlN9B69St9BwUoB+jkyU090bru8L0NA3yFvAd7k8dNsVH8bi9a8cUAUSEcEEgTp2z3dbEDGJGfP6VUnkQnlReg==}
    engines: {node: '>=18'}
    cpu: [x64]
    os: [android]

  '@esbuild/darwin-arm64@0.23.1':
    resolution: {integrity: sha512-YsS2e3Wtgnw7Wq53XXBLcV6JhRsEq8hkfg91ESVadIrzr9wO6jJDMZnCQbHm1Guc5t/CdDiFSSfWP58FNuvT3Q==}
    engines: {node: '>=18'}
    cpu: [arm64]
    os: [darwin]

  '@esbuild/darwin-x64@0.23.1':
    resolution: {integrity: sha512-aClqdgTDVPSEGgoCS8QDG37Gu8yc9lTHNAQlsztQ6ENetKEO//b8y31MMu2ZaPbn4kVsIABzVLXYLhCGekGDqw==}
    engines: {node: '>=18'}
    cpu: [x64]
    os: [darwin]

  '@esbuild/freebsd-arm64@0.23.1':
    resolution: {integrity: sha512-h1k6yS8/pN/NHlMl5+v4XPfikhJulk4G+tKGFIOwURBSFzE8bixw1ebjluLOjfwtLqY0kewfjLSrO6tN2MgIhA==}
    engines: {node: '>=18'}
    cpu: [arm64]
    os: [freebsd]

  '@esbuild/freebsd-x64@0.23.1':
    resolution: {integrity: sha512-lK1eJeyk1ZX8UklqFd/3A60UuZ/6UVfGT2LuGo3Wp4/z7eRTRYY+0xOu2kpClP+vMTi9wKOfXi2vjUpO1Ro76g==}
    engines: {node: '>=18'}
    cpu: [x64]
    os: [freebsd]

  '@esbuild/linux-arm64@0.23.1':
    resolution: {integrity: sha512-/93bf2yxencYDnItMYV/v116zff6UyTjo4EtEQjUBeGiVpMmffDNUyD9UN2zV+V3LRV3/on4xdZ26NKzn6754g==}
    engines: {node: '>=18'}
    cpu: [arm64]
    os: [linux]

  '@esbuild/linux-arm@0.23.1':
    resolution: {integrity: sha512-CXXkzgn+dXAPs3WBwE+Kvnrf4WECwBdfjfeYHpMeVxWE0EceB6vhWGShs6wi0IYEqMSIzdOF1XjQ/Mkm5d7ZdQ==}
    engines: {node: '>=18'}
    cpu: [arm]
    os: [linux]

  '@esbuild/linux-ia32@0.23.1':
    resolution: {integrity: sha512-VTN4EuOHwXEkXzX5nTvVY4s7E/Krz7COC8xkftbbKRYAl96vPiUssGkeMELQMOnLOJ8k3BY1+ZY52tttZnHcXQ==}
    engines: {node: '>=18'}
    cpu: [ia32]
    os: [linux]

  '@esbuild/linux-loong64@0.23.1':
    resolution: {integrity: sha512-Vx09LzEoBa5zDnieH8LSMRToj7ir/Jeq0Gu6qJ/1GcBq9GkfoEAoXvLiW1U9J1qE/Y/Oyaq33w5p2ZWrNNHNEw==}
    engines: {node: '>=18'}
    cpu: [loong64]
    os: [linux]

  '@esbuild/linux-mips64el@0.23.1':
    resolution: {integrity: sha512-nrFzzMQ7W4WRLNUOU5dlWAqa6yVeI0P78WKGUo7lg2HShq/yx+UYkeNSE0SSfSure0SqgnsxPvmAUu/vu0E+3Q==}
    engines: {node: '>=18'}
    cpu: [mips64el]
    os: [linux]

  '@esbuild/linux-ppc64@0.23.1':
    resolution: {integrity: sha512-dKN8fgVqd0vUIjxuJI6P/9SSSe/mB9rvA98CSH2sJnlZ/OCZWO1DJvxj8jvKTfYUdGfcq2dDxoKaC6bHuTlgcw==}
    engines: {node: '>=18'}
    cpu: [ppc64]
    os: [linux]

  '@esbuild/linux-riscv64@0.23.1':
    resolution: {integrity: sha512-5AV4Pzp80fhHL83JM6LoA6pTQVWgB1HovMBsLQ9OZWLDqVY8MVobBXNSmAJi//Csh6tcY7e7Lny2Hg1tElMjIA==}
    engines: {node: '>=18'}
    cpu: [riscv64]
    os: [linux]

  '@esbuild/linux-s390x@0.23.1':
    resolution: {integrity: sha512-9ygs73tuFCe6f6m/Tb+9LtYxWR4c9yg7zjt2cYkjDbDpV/xVn+68cQxMXCjUpYwEkze2RcU/rMnfIXNRFmSoDw==}
    engines: {node: '>=18'}
    cpu: [s390x]
    os: [linux]

  '@esbuild/linux-x64@0.23.1':
    resolution: {integrity: sha512-EV6+ovTsEXCPAp58g2dD68LxoP/wK5pRvgy0J/HxPGB009omFPv3Yet0HiaqvrIrgPTBuC6wCH1LTOY91EO5hQ==}
    engines: {node: '>=18'}
    cpu: [x64]
    os: [linux]

  '@esbuild/netbsd-x64@0.23.1':
    resolution: {integrity: sha512-aevEkCNu7KlPRpYLjwmdcuNz6bDFiE7Z8XC4CPqExjTvrHugh28QzUXVOZtiYghciKUacNktqxdpymplil1beA==}
    engines: {node: '>=18'}
    cpu: [x64]
    os: [netbsd]

  '@esbuild/openbsd-arm64@0.23.1':
    resolution: {integrity: sha512-3x37szhLexNA4bXhLrCC/LImN/YtWis6WXr1VESlfVtVeoFJBRINPJ3f0a/6LV8zpikqoUg4hyXw0sFBt5Cr+Q==}
    engines: {node: '>=18'}
    cpu: [arm64]
    os: [openbsd]

  '@esbuild/openbsd-x64@0.23.1':
    resolution: {integrity: sha512-aY2gMmKmPhxfU+0EdnN+XNtGbjfQgwZj43k8G3fyrDM/UdZww6xrWxmDkuz2eCZchqVeABjV5BpildOrUbBTqA==}
    engines: {node: '>=18'}
    cpu: [x64]
    os: [openbsd]

  '@esbuild/sunos-x64@0.23.1':
    resolution: {integrity: sha512-RBRT2gqEl0IKQABT4XTj78tpk9v7ehp+mazn2HbUeZl1YMdaGAQqhapjGTCe7uw7y0frDi4gS0uHzhvpFuI1sA==}
    engines: {node: '>=18'}
    cpu: [x64]
    os: [sunos]

  '@esbuild/win32-arm64@0.23.1':
    resolution: {integrity: sha512-4O+gPR5rEBe2FpKOVyiJ7wNDPA8nGzDuJ6gN4okSA1gEOYZ67N8JPk58tkWtdtPeLz7lBnY6I5L3jdsr3S+A6A==}
    engines: {node: '>=18'}
    cpu: [arm64]
    os: [win32]

  '@esbuild/win32-ia32@0.23.1':
    resolution: {integrity: sha512-BcaL0Vn6QwCwre3Y717nVHZbAa4UBEigzFm6VdsVdT/MbZ38xoj1X9HPkZhbmaBGUD1W8vxAfffbDe8bA6AKnQ==}
    engines: {node: '>=18'}
    cpu: [ia32]
    os: [win32]

  '@esbuild/win32-x64@0.23.1':
    resolution: {integrity: sha512-BHpFFeslkWrXWyUPnbKm+xYYVYruCinGcftSBaa8zoF9hZO4BcSCFUvHVTtzpIY6YzUnYtuEhZ+C9iEXjxnasg==}
    engines: {node: '>=18'}
    cpu: [x64]
    os: [win32]

  '@inkandswitch/patchwork-bootloader@0.0.4':
    resolution: {integrity: sha512-3VWkDYPTiY4H2+877tYHptRGQcCg22uoa0NG+7cgwbmETcBhnXheoLh/cv3clPf2mcMiglhY1Htt7ezkgKa17g==}
    peerDependencies:
      '@automerge/automerge': 3.2.1
      '@automerge/automerge-repo': 2.5.0
      '@automerge/automerge-repo-keyhive': 0.0.0-alpha.71
      '@automerge/vanillajs': 2.5.0
      '@keyhive/keyhive': 0.0.0-alpha.40

  '@inkandswitch/patchwork-filesystem@0.0.4':
    resolution: {integrity: sha512-W44nTqmr4kGk3I9h+krexUXU8/vOGnQ7WQAseR/85OjXgSDcDjP47m+yAFLWBd2f/5kQM7xkDOCBo42PdwE0xw==}
    peerDependencies:
      '@automerge/automerge': '*'
      '@automerge/automerge-repo': '*'

  '@inkandswitch/patchwork-plugins@0.0.6':
    resolution: {integrity: sha512-BoDeVa/feJ3zNVCyo7X6kdR7Yv9Fl4ZK2iQ/iObOoFL+fkdglgGccz1LDeY/qYyo4Z1mnTph/s0MIwtKm1AYyw==}
    peerDependencies:
      '@automerge/automerge': '*'
      '@automerge/automerge-repo': '*'
      '@inkandswitch/patchwork-filesystem': ^0.0.4

  '@keyhive/keyhive@0.0.0-alpha.40':
    resolution: {integrity: sha512-FlvtX6ZK2q47OqqJZ/8G+SAevKJxjSdldhwJPlhUT9QTIv0LNmJO17pkEtLJ0VVrmPryP0tKQDIaQtmcE1f7Tg==}

  '@noble/hashes@1.8.0':
    resolution: {integrity: sha512-jCs9ldd7NwzpgXDIf6P3+NrHh9/sD6CQdxHyjQI+h/6rDNo88ypBxxz45UDuZHz9r3tNz7N/VInSVoVdtXEI4A==}
    engines: {node: ^14.21.3 || >=16}

  '@types/debug@4.1.13':
    resolution: {integrity: sha512-KSVgmQmzMwPlmtljOomayoR89W4FynCAi3E8PPs7vmDVPe84hT+vGPKkJfThkmXs0x0jAaa9U8uW8bbfyS2fWw==}

  '@types/ms@2.1.0':
    resolution: {integrity: sha512-GsCCIZDE/p3i96vtEqx+7dBUGXrc7zeSK3wwPHIaRThS+9OhWIXRqzs4d6k1SVU8g91DrNRWxWUGhp5KXQb2VA==}

  '@types/node@20.19.39':
    resolution: {integrity: sha512-orrrD74MBUyK8jOAD/r0+lfa1I2MO6I+vAkmAWzMYbCcgrN4lCrmK52gRFQq/JRxfYPfonkr4b0jcY7Olqdqbw==}

  '@types/serviceworker@0.0.153':
    resolution: {integrity: sha512-/cg6dFEkNchJLyRCGo4Gb8mF200qr3xskM5dCPgbtK0OzXxcFcXa6BEBdyG7JksRsTrvCR+V6aFPncoOYAwYhQ==}

  base-x@4.0.1:
    resolution: {integrity: sha512-uAZ8x6r6S3aUM9rbHGVOIsR15U/ZSc82b3ymnCPsT45Gk1DDvhDPdIgB5MrhirZWt+5K0EEPQH985kNqZgNPFw==}

  bs58@5.0.0:
    resolution: {integrity: sha512-r+ihvQJvahgYT50JD05dyJNKlmmSlMoOGwn1lCcEzanPglg7TxYjioQUYehQ9mAR/+hOSd2jRc/Z2y5UxBymvQ==}

  bs58check@3.0.1:
    resolution: {integrity: sha512-hjuuJvoWEybo7Hn/0xOrczQKKEKD63WguEjlhLExYs2wUBcebDC1jDNK17eEAD2lYfw82d5ASC1d7K3SWszjaQ==}

  cbor-extract@2.2.2:
    resolution: {integrity: sha512-hlSxxI9XO2yQfe9g6msd3g4xCfDqK5T5P0fRMLuaLHhxn4ViPrm+a+MUfhrvH2W962RGxcBwEGzLQyjbDG1gng==}
    hasBin: true

  cbor-x@1.6.4:
    resolution: {integrity: sha512-UGKHjp6RHC6QuZ2yy5LCKm7MojM4716DwoSaqwQpaH4DvZvbBTGcoDNTiG9Y2lByXZYFEs9WRkS5tLl96IrF1Q==}

  debug@4.4.3:
    resolution: {integrity: sha512-RGwwWnwQvkVfavKVt22FGLw+xYSdzARwm0ru6DhTVA3umU5hZc28V3kO4stgYryrTlLpuvgI9GiijltAjNbcqA==}
    engines: {node: '>=6.0'}
    peerDependencies:
      supports-color: '*'
    peerDependenciesMeta:
      supports-color:
        optional: true

  detect-libc@2.1.2:
    resolution: {integrity: sha512-Btj2BOOO83o3WyH59e8MgXsxEQVcarkUOpEYrubB0urwnN10yQ364rsiByU11nZlqWYZm05i/of7io4mzihBtQ==}
    engines: {node: '>=8'}

  esbuild@0.23.1:
    resolution: {integrity: sha512-VVNz/9Sa0bs5SELtn3f7qhJCDPCF5oMEl5cO9/SSinpE9hbPVvxbd572HH5AKiP7WD8INO53GgfDDhRjkylHEg==}
    engines: {node: '>=18'}
    hasBin: true

  eventemitter3@5.0.4:
    resolution: {integrity: sha512-mlsTRyGaPBjPedk6Bvw+aqbsXDtoAyAzm5MO7JgU+yVRyMQ5O8bD4Kcci7BS85f93veegeCPkL8R4GLClnjLFw==}

  fast-sha256@1.3.0:
    resolution: {integrity: sha512-n11RGP/lrWEFI/bWdygLxhI+pVeo1ZYIVwvvPkW7azl/rOy+F3HYRZ2K5zeE9mmkhQppyv9sQFx0JM9UabnpPQ==}

  isomorphic-ws@5.0.0:
    resolution: {integrity: sha512-muId7Zzn9ywDsyXgTIafTry2sV3nySZeUDe6YedVd1Hvuuep5AsIlqK+XefWpYTyJG5e503F2xIuT2lcU6rCSw==}
    peerDependencies:
      ws: '*'

  ms@2.1.3:
    resolution: {integrity: sha512-6FlzubTLZG3J2a/NVCAleEhjzq5oxgHyaCU9yYXvcLsvoVaHJq/s5xXI6/XXP6tz7R9xAOtHnSO/tXtF3WRTlA==}

  node-gyp-build-optional-packages@5.1.1:
    resolution: {integrity: sha512-+P72GAjVAbTxjjwUmwjVrqrdZROD4nf8KgpBoDxqXXTiYZZt/ud60dE5yvCSr9lRO8e8yv6kgJIC0K0PfZFVQw==}
    hasBin: true

  resolve.exports@2.0.3:
    resolution: {integrity: sha512-OcXjMsGdhL4XnbShKpAcSqPMzQoYkYyhbEaeSko47MjRP9NfEQMhZkXL1DoFlt9LWQn4YttrdnV6X2OiyzBi+A==}
    engines: {node: '>=10'}

  tinyargs@0.1.4:
    resolution: {integrity: sha512-5OpdhMRRE70j0zT7mrBpx12FJI+y0EGx8zMe8Vl2/aiwGgpW3X70OVHlsHmHeeG0ncnnWdq1o+k/S5d9ONgzGA==}
    engines: {node: '>=14'}

  undici-types@6.21.0:
    resolution: {integrity: sha512-iwDZqg0QAGrg9Rav5H4n0M64c3mkR59cJ6wQp+7C4nI0gsmExaedaYLNO44eT4AtBBwjbTiGPMlt2Md0T9H9JQ==}

  uuid@9.0.1:
    resolution: {integrity: sha512-b+1eJOlsR9K8HJpow9Ok3fiWOWSIcIzXodvv0rQjVoOVNpWMpxf1wZNpt4y9h10odCNrqnYp1OBzRktckBe3sA==}
    hasBin: true

  ws@8.20.0:
    resolution: {integrity: sha512-sAt8BhgNbzCtgGbt2OxmpuryO63ZoDk/sqaB/znQm94T4fCEsy/yV+7CdC1kJhOU9lboAEU7R3kquuycDoibVA==}
    engines: {node: '>=10.0.0'}
    peerDependencies:
      bufferutil: ^4.0.1
      utf-8-validate: '>=5.0.2'
    peerDependenciesMeta:
      bufferutil:
        optional: true
      utf-8-validate:
        optional: true

  xstate@5.30.0:
    resolution: {integrity: sha512-mIzIuMjtYVkqXq9dUzYQoag7b/dF1CBS/yhliuPLfR0FwKPC18HiUivb/crcqY2gknhR8gJEhnppLg6ubQ0gGw==}

snapshots:

  '@automerge/automerge-repo-keyhive@0.0.0-alpha.71':
    dependencies:
      '@automerge/automerge-repo': 2.5.0-alpha.2
      '@automerge/automerge-repo-network-websocket': 2.5.0-alpha.2
      '@keyhive/keyhive': 0.0.0-alpha.40
      eventemitter3: 5.0.4
    transitivePeerDependencies:
      - bufferutil
      - supports-color
      - utf-8-validate

  '@automerge/automerge-repo-network-broadcastchannel@2.5.0':
    dependencies:
      '@automerge/automerge-repo': 2.5.0
    transitivePeerDependencies:
      - supports-color

  '@automerge/automerge-repo-network-messagechannel@2.5.0':
    dependencies:
      '@automerge/automerge-repo': 2.5.0
      debug: 4.4.3
      eventemitter3: 5.0.4
    transitivePeerDependencies:
      - supports-color

  '@automerge/automerge-repo-network-websocket@2.5.0':
    dependencies:
      '@automerge/automerge-repo': 2.5.0
      cbor-x: 1.6.4
      debug: 4.4.3
      eventemitter3: 5.0.4
      isomorphic-ws: 5.0.0(ws@8.20.0)
      ws: 8.20.0
    transitivePeerDependencies:
      - bufferutil
      - supports-color
      - utf-8-validate

  '@automerge/automerge-repo-network-websocket@2.5.0-alpha.2':
    dependencies:
      '@automerge/automerge-repo': 2.5.0-alpha.2
      cbor-x: 1.6.4
      debug: 4.4.3
      eventemitter3: 5.0.4
      isomorphic-ws: 5.0.0(ws@8.20.0)
      ws: 8.20.0
    transitivePeerDependencies:
      - bufferutil
      - supports-color
      - utf-8-validate

  '@automerge/automerge-repo-storage-indexeddb@2.5.0':
    dependencies:
      '@automerge/automerge-repo': 2.5.0
    transitivePeerDependencies:
      - supports-color

  '@automerge/automerge-repo@2.5.0':
    dependencies:
      '@automerge/automerge': 3.2.5
      bs58check: 3.0.1
      cbor-x: 1.6.4
      debug: 4.4.3
      eventemitter3: 5.0.4
      fast-sha256: 1.3.0
      uuid: 9.0.1
      xstate: 5.30.0
    transitivePeerDependencies:
      - supports-color

  '@automerge/automerge-repo@2.5.0-alpha.2':
    dependencies:
      '@automerge/automerge': 3.2.5
      bs58check: 3.0.1
      cbor-x: 1.6.4
      debug: 4.4.3
      eventemitter3: 5.0.4
      fast-sha256: 1.3.0
      uuid: 9.0.1
      xstate: 5.30.0
    transitivePeerDependencies:
      - supports-color

  '@automerge/automerge-repo@2.6.0-subduction.12':
    dependencies:
      '@automerge/automerge': 3.2.5
      '@automerge/automerge-subduction': 0.7.0
      bs58check: 3.0.1
      cbor-x: 1.6.4
      debug: 4.4.3
      eventemitter3: 5.0.4
      fast-sha256: 1.3.0
      isomorphic-ws: 5.0.0(ws@8.20.0)
      uuid: 9.0.1
      ws: 8.20.0
      xstate: 5.30.0
    transitivePeerDependencies:
      - bufferutil
      - supports-color
      - utf-8-validate

  '@automerge/automerge-subduction@0.7.0': {}

  '@automerge/automerge@3.2.1': {}

  '@automerge/automerge@3.2.5': {}

  '@automerge/vanillajs@2.5.0':
    dependencies:
      '@automerge/automerge-repo': 2.5.0
      '@automerge/automerge-repo-network-broadcastchannel': 2.5.0
      '@automerge/automerge-repo-network-messagechannel': 2.5.0
      '@automerge/automerge-repo-network-websocket': 2.5.0
      '@automerge/automerge-repo-storage-indexeddb': 2.5.0
    transitivePeerDependencies:
      - bufferutil
      - supports-color
      - utf-8-validate

  '@cbor-extract/cbor-extract-darwin-arm64@2.2.2':
    optional: true

  '@cbor-extract/cbor-extract-darwin-x64@2.2.2':
    optional: true

  '@cbor-extract/cbor-extract-linux-arm64@2.2.2':
    optional: true

  '@cbor-extract/cbor-extract-linux-arm@2.2.2':
    optional: true

  '@cbor-extract/cbor-extract-linux-x64@2.2.2':
    optional: true

  '@cbor-extract/cbor-extract-win32-x64@2.2.2':
    optional: true

  '@esbuild/aix-ppc64@0.23.1':
    optional: true

  '@esbuild/android-arm64@0.23.1':
    optional: true

  '@esbuild/android-arm@0.23.1':
    optional: true

  '@esbuild/android-x64@0.23.1':
    optional: true

  '@esbuild/darwin-arm64@0.23.1':
    optional: true

  '@esbuild/darwin-x64@0.23.1':
    optional: true

  '@esbuild/freebsd-arm64@0.23.1':
    optional: true

  '@esbuild/freebsd-x64@0.23.1':
    optional: true

  '@esbuild/linux-arm64@0.23.1':
    optional: true

  '@esbuild/linux-arm@0.23.1':
    optional: true

  '@esbuild/linux-ia32@0.23.1':
    optional: true

  '@esbuild/linux-loong64@0.23.1':
    optional: true

  '@esbuild/linux-mips64el@0.23.1':
    optional: true

  '@esbuild/linux-ppc64@0.23.1':
    optional: true

  '@esbuild/linux-riscv64@0.23.1':
    optional: true

  '@esbuild/linux-s390x@0.23.1':
    optional: true

  '@esbuild/linux-x64@0.23.1':
    optional: true

  '@esbuild/netbsd-x64@0.23.1':
    optional: true

  '@esbuild/openbsd-arm64@0.23.1':
    optional: true

  '@esbuild/openbsd-x64@0.23.1':
    optional: true

  '@esbuild/sunos-x64@0.23.1':
    optional: true

  '@esbuild/win32-arm64@0.23.1':
    optional: true

  '@esbuild/win32-ia32@0.23.1':
    optional: true

  '@esbuild/win32-x64@0.23.1':
    optional: true

  '@inkandswitch/patchwork-bootloader@0.0.4(@automerge/automerge-repo-keyhive@0.0.0-alpha.71)(@automerge/automerge-repo@2.6.0-subduction.12)(@automerge/automerge@3.2.1)(@automerge/vanillajs@2.5.0)(@keyhive/keyhive@0.0.0-alpha.40)':
    dependencies:
      '@automerge/automerge': 3.2.1
      '@automerge/automerge-repo': 2.6.0-subduction.12
      '@automerge/automerge-repo-keyhive': 0.0.0-alpha.71
      '@automerge/vanillajs': 2.5.0
      '@keyhive/keyhive': 0.0.0-alpha.40
      '@types/debug': 4.1.13
      debug: 4.4.3
      resolve.exports: 2.0.3
      service-worker-types: '@types/serviceworker@0.0.153'
      tinyargs: 0.1.4
    transitivePeerDependencies:
      - supports-color

  '@inkandswitch/patchwork-filesystem@0.0.4(@automerge/automerge-repo@2.6.0-subduction.12)(@automerge/automerge@3.2.1)':
    dependencies:
      '@automerge/automerge': 3.2.1
      '@automerge/automerge-repo': 2.6.0-subduction.12
      '@types/debug': 4.1.13
      '@types/node': 20.19.39
      debug: 4.4.3
      resolve.exports: 2.0.3
    transitivePeerDependencies:
      - supports-color

  '@inkandswitch/patchwork-plugins@0.0.6(@automerge/automerge-repo@2.6.0-subduction.12)(@automerge/automerge@3.2.1)(@inkandswitch/patchwork-filesystem@0.0.4(@automerge/automerge-repo@2.6.0-subduction.12)(@automerge/automerge@3.2.1))':
    dependencies:
      '@automerge/automerge': 3.2.1
      '@automerge/automerge-repo': 2.6.0-subduction.12
      '@inkandswitch/patchwork-filesystem': 0.0.4(@automerge/automerge-repo@2.6.0-subduction.12)(@automerge/automerge@3.2.1)
      '@types/debug': 4.1.13
      '@types/node': 20.19.39
      debug: 4.4.3
      eventemitter3: 5.0.4
      resolve.exports: 2.0.3
    transitivePeerDependencies:
      - supports-color

  '@keyhive/keyhive@0.0.0-alpha.40': {}

  '@noble/hashes@1.8.0': {}

  '@types/debug@4.1.13':
    dependencies:
      '@types/ms': 2.1.0

  '@types/ms@2.1.0': {}

  '@types/node@20.19.39':
    dependencies:
      undici-types: 6.21.0

  '@types/serviceworker@0.0.153': {}

  base-x@4.0.1: {}

  bs58@5.0.0:
    dependencies:
      base-x: 4.0.1

  bs58check@3.0.1:
    dependencies:
      '@noble/hashes': 1.8.0
      bs58: 5.0.0

  cbor-extract@2.2.2:
    dependencies:
      node-gyp-build-optional-packages: 5.1.1
    optionalDependencies:
      '@cbor-extract/cbor-extract-darwin-arm64': 2.2.2
      '@cbor-extract/cbor-extract-darwin-x64': 2.2.2
      '@cbor-extract/cbor-extract-linux-arm': 2.2.2
      '@cbor-extract/cbor-extract-linux-arm64': 2.2.2
      '@cbor-extract/cbor-extract-linux-x64': 2.2.2
      '@cbor-extract/cbor-extract-win32-x64': 2.2.2
    optional: true

  cbor-x@1.6.4:
    optionalDependencies:
      cbor-extract: 2.2.2

  debug@4.4.3:
    dependencies:
      ms: 2.1.3

  detect-libc@2.1.2:
    optional: true

  esbuild@0.23.1:
    optionalDependencies:
      '@esbuild/aix-ppc64': 0.23.1
      '@esbuild/android-arm': 0.23.1
      '@esbuild/android-arm64': 0.23.1
      '@esbuild/android-x64': 0.23.1
      '@esbuild/darwin-arm64': 0.23.1
      '@esbuild/darwin-x64': 0.23.1
      '@esbuild/freebsd-arm64': 0.23.1
      '@esbuild/freebsd-x64': 0.23.1
      '@esbuild/linux-arm': 0.23.1
      '@esbuild/linux-arm64': 0.23.1
      '@esbuild/linux-ia32': 0.23.1
      '@esbuild/linux-loong64': 0.23.1
      '@esbuild/linux-mips64el': 0.23.1
      '@esbuild/linux-ppc64': 0.23.1
      '@esbuild/linux-riscv64': 0.23.1
      '@esbuild/linux-s390x': 0.23.1
      '@esbuild/linux-x64': 0.23.1
      '@esbuild/netbsd-x64': 0.23.1
      '@esbuild/openbsd-arm64': 0.23.1
      '@esbuild/openbsd-x64': 0.23.1
      '@esbuild/sunos-x64': 0.23.1
      '@esbuild/win32-arm64': 0.23.1
      '@esbuild/win32-ia32': 0.23.1
      '@esbuild/win32-x64': 0.23.1

  eventemitter3@5.0.4: {}

  fast-sha256@1.3.0: {}

  isomorphic-ws@5.0.0(ws@8.20.0):
    dependencies:
      ws: 8.20.0

  ms@2.1.3: {}

  node-gyp-build-optional-packages@5.1.1:
    dependencies:
      detect-libc: 2.1.2
    optional: true

  resolve.exports@2.0.3: {}

  tinyargs@0.1.4: {}

  undici-types@6.21.0: {}

  uuid@9.0.1: {}

  ws@8.20.0: {}

  xstate@5.30.0: {}
