lockfileVersion: '9.0'

settings:
  autoInstallPeers: true
  excludeLinksFromLockfile: false

importers:

  .:
    dependencies:
      '@automerge/automerge-repo':
        specifier: ^2.6.0-subduction.9
        version: 2.6.0-subduction.12
      '@inkandswitch/patchwork-plugins':
        specifier: ^0.0.6
        version: 0.0.6(@automerge/automerge-repo@2.6.0-subduction.12)(@automerge/automerge@3.2.5)(@inkandswitch/patchwork-filesystem@0.0.3)
    devDependencies:
      '@inkandswitch/patchwork-bootloader':
        specifier: ^0.0.4
        version: 0.0.4(@automerge/automerge-repo-keyhive@0.0.0-alpha.71)(@automerge/automerge-repo@2.6.0-subduction.12)(@automerge/automerge@3.2.5)(@automerge/vanillajs@2.5.0)(@keyhive/keyhive@0.0.0-alpha.40)
      vite:
        specifier: ^7.1.9
        version: 7.3.2(@types/node@20.19.39)
      vite-plugin-css-injected-by-js:
        specifier: ^3.5.2
        version: 3.5.2(vite@7.3.2(@types/node@20.19.39))

packages:

  '@automerge/automerge-repo-keyhive@0.0.0-alpha.71':
    resolution: {integrity: sha512-bDP6QPNTG9eCYVnLW/PuODLFmGrOe4rwaOSAWLgW9VrHg/5aBlP0PmrzeJ58loYvGlqYeN6PWrV+GFDqCPUcug==}

  '@automerge/automerge-repo-network-broadcastchannel@2.5.0':
    resolution: {integrity: sha512-57rUTYf0W6kL9DXwjRtyGLqeyz65tDIpiNQdc1nXHnN4VkNMvNo0xzb37nyFKWHEqPWA0DGCcBA8HRlbVHHyHw==}

  '@automerge/automerge-repo-network-messagechannel@2.5.0':
    resolution: {integrity: sha512-G7m161tId4djPMzDPlP7nIEsDY7ddbKfKvpJP7kkVqv3OA/Ml8fzyKaU7C1++s/g0FSNCTiN6hOhFCbSkb6/Dw==}

  '@automerge/automerge-repo-network-websocket@2.5.0':
    resolution: {integrity: sha512-zrwbkW8hk3fWkXdeaH+YDfGG63WaB9WLfWYyinZx2AQv4mr6D6UhIhviIjweMmRxMLen6NlIcdu3toHV33ZuKg==}

  '@automerge/automerge-repo-network-websocket@2.5.0-alpha.2':
    resolution: {integrity: sha512-EtdsSA9PhuiWWbvT36DGylBeGCL7Aop8nSe4FrBYchBCWpqqZOBLdbxD0crwbCUwTBTJy76pXhSHjObQi0y4zQ==}

  '@automerge/automerge-repo-storage-indexeddb@2.5.0':
    resolution: {integrity: sha512-7MJYJ5S6K7dHlbvs5/u/v9iexqOeprU/qQonup28r2IoVqwzjuN5ezaoVk6JRBMDI/ZxWfU4rNrqVrVlB49yXA==}

  '@automerge/automerge-repo@2.5.0':
    resolution: {integrity: sha512-bdxuMuKmxw0ZjwQXecrIX1VrHXf445bYCftNJJ5vqgGWVvINB5ZKFYAbtgPIyu1Y0TXQKvc6eqESaDeL+g8MmA==}

  '@automerge/automerge-repo@2.5.0-alpha.2':
    resolution: {integrity: sha512-Sjl1CaD4IpmboNIG9/EL9Run+AKrL8/1h3Om1NZp9syBnJN8OWjeG4ttpQce6k8HdPyl8sllAHYy8/Q4Ukh39w==}

  '@automerge/automerge-repo@2.6.0-subduction.12':
    resolution: {integrity: sha512-yyvifpGsmiEs6fWSkNShEPwwMRn/Tp9ciwPwvYk3+0HQPUXMZ7SFpto1pzAHj1AYxqIOt+J5d28Nt7fIo6z4hQ==}

  '@automerge/automerge-subduction@0.7.0':
    resolution: {integrity: sha512-I838jrX+j6zeLEIyszuA246OY1HnTyS+bXODJAVlBmXGM0QzasRePulNrzJtclvowzhY56SybUj4+j/PNCdBhA==}

  '@automerge/automerge@3.2.1':
    resolution: {integrity: sha512-xsEZlZe8lWyVCbD7Z7roH4X6ZKlRxMmmumb0M5CuxJWptUEfYsf+1z9lFEJh4aDBbWTLAgxsXd+TBi6jKTj0+g==}

  '@automerge/automerge@3.2.5':
    resolution: {integrity: sha512-tCdaGDTLaRzBJV+Q9zMyyEH/vUFkBNh21jpwlpcEYV7gs5r63xh9UFa1N3yNJ5ZzmiLBD42TIBeqK+g54sLp0w==}

  '@automerge/vanillajs@2.5.0':
    resolution: {integrity: sha512-18Z179fBkRYhfJOvzcz5NU+TSJOfOBez1ZQqjNnRlmHB0xwaC9P/MFuuc9ujWtJSiRAh6jzB3HxUZpCIjEfXFw==}

  '@cbor-extract/cbor-extract-darwin-arm64@2.2.2':
    resolution: {integrity: sha512-ZKZ/F8US7JR92J4DMct6cLW/Y66o2K576+zjlEN/MevH70bFIsB10wkZEQPLzl2oNh2SMGy55xpJ9JoBRl5DOA==}
    cpu: [arm64]
    os: [darwin]

  '@cbor-extract/cbor-extract-darwin-x64@2.2.2':
    resolution: {integrity: sha512-32b1mgc+P61Js+KW9VZv/c+xRw5EfmOcPx990JbCBSkYJFY0l25VinvyyWfl+3KjibQmAcYwmyzKF9J4DyKP/Q==}
    cpu: [x64]
    os: [darwin]

  '@cbor-extract/cbor-extract-linux-arm64@2.2.2':
    resolution: {integrity: sha512-wfqgzqCAy/Vn8i6WVIh7qZd0DdBFaWBjPdB6ma+Wihcjv0gHqD/mw3ouVv7kbbUNrab6dKEx/w3xQZEdeXIlzg==}
    cpu: [arm64]
    os: [linux]

  '@cbor-extract/cbor-extract-linux-arm@2.2.2':
    resolution: {integrity: sha512-tNg0za41TpQfkhWjptD+0gSD2fggMiDCSacuIeELyb2xZhr7PrhPe5h66Jc67B/5dmpIhI2QOUtv4SBsricyYQ==}
    cpu: [arm]
    os: [linux]

  '@cbor-extract/cbor-extract-linux-x64@2.2.2':
    resolution: {integrity: sha512-rpiLnVEsqtPJ+mXTdx1rfz4RtUGYIUg2rUAZgd1KjiC1SehYUSkJN7Yh+aVfSjvCGtVP0/bfkQkXpPXKbmSUaA==}
    cpu: [x64]
    os: [linux]

  '@cbor-extract/cbor-extract-win32-x64@2.2.2':
    resolution: {integrity: sha512-dI+9P7cfWxkTQ+oE+7Aa6onEn92PHgfWXZivjNheCRmTBDBf2fx6RyTi0cmgpYLnD1KLZK9ZYrMxaPZ4oiXhGA==}
    cpu: [x64]
    os: [win32]

  '@esbuild/aix-ppc64@0.27.7':
    resolution: {integrity: sha512-EKX3Qwmhz1eMdEJokhALr0YiD0lhQNwDqkPYyPhiSwKrh7/4KRjQc04sZ8db+5DVVnZ1LmbNDI1uAMPEUBnQPg==}
    engines: {node: '>=18'}
    cpu: [ppc64]
    os: [aix]

  '@esbuild/android-arm64@0.27.7':
    resolution: {integrity: sha512-62dPZHpIXzvChfvfLJow3q5dDtiNMkwiRzPylSCfriLvZeq0a1bWChrGx/BbUbPwOrsWKMn8idSllklzBy+dgQ==}
    engines: {node: '>=18'}
    cpu: [arm64]
    os: [android]

  '@esbuild/android-arm@0.27.7':
    resolution: {integrity: sha512-jbPXvB4Yj2yBV7HUfE2KHe4GJX51QplCN1pGbYjvsyCZbQmies29EoJbkEc+vYuU5o45AfQn37vZlyXy4YJ8RQ==}
    engines: {node: '>=18'}
    cpu: [arm]
    os: [android]

  '@esbuild/android-x64@0.27.7':
    resolution: {integrity: sha512-x5VpMODneVDb70PYV2VQOmIUUiBtY3D3mPBG8NxVk5CogneYhkR7MmM3yR/uMdITLrC1ml/NV1rj4bMJuy9MCg==}
    engines: {node: '>=18'}
    cpu: [x64]
    os: [android]

  '@esbuild/darwin-arm64@0.27.7':
    resolution: {integrity: sha512-5lckdqeuBPlKUwvoCXIgI2D9/ABmPq3Rdp7IfL70393YgaASt7tbju3Ac+ePVi3KDH6N2RqePfHnXkaDtY9fkw==}
    engines: {node: '>=18'}
    cpu: [arm64]
    os: [darwin]

  '@esbuild/darwin-x64@0.27.7':
    resolution: {integrity: sha512-rYnXrKcXuT7Z+WL5K980jVFdvVKhCHhUwid+dDYQpH+qu+TefcomiMAJpIiC2EM3Rjtq0sO3StMV/+3w3MyyqQ==}
    engines: {node: '>=18'}
    cpu: [x64]
    os: [darwin]

  '@esbuild/freebsd-arm64@0.27.7':
    resolution: {integrity: sha512-B48PqeCsEgOtzME2GbNM2roU29AMTuOIN91dsMO30t+Ydis3z/3Ngoj5hhnsOSSwNzS+6JppqWsuhTp6E82l2w==}
    engines: {node: '>=18'}
    cpu: [arm64]
    os: [freebsd]

  '@esbuild/freebsd-x64@0.27.7':
    resolution: {integrity: sha512-jOBDK5XEjA4m5IJK3bpAQF9/Lelu/Z9ZcdhTRLf4cajlB+8VEhFFRjWgfy3M1O4rO2GQ/b2dLwCUGpiF/eATNQ==}
    engines: {node: '>=18'}
    cpu: [x64]
    os: [freebsd]

  '@esbuild/linux-arm64@0.27.7':
    resolution: {integrity: sha512-RZPHBoxXuNnPQO9rvjh5jdkRmVizktkT7TCDkDmQ0W2SwHInKCAV95GRuvdSvA7w4VMwfCjUiPwDi0ZO6Nfe9A==}
    engines: {node: '>=18'}
    cpu: [arm64]
    os: [linux]

  '@esbuild/linux-arm@0.27.7':
    resolution: {integrity: sha512-RkT/YXYBTSULo3+af8Ib0ykH8u2MBh57o7q/DAs3lTJlyVQkgQvlrPTnjIzzRPQyavxtPtfg0EopvDyIt0j1rA==}
    engines: {node: '>=18'}
    cpu: [arm]
    os: [linux]

  '@esbuild/linux-ia32@0.27.7':
    resolution: {integrity: sha512-GA48aKNkyQDbd3KtkplYWT102C5sn/EZTY4XROkxONgruHPU72l+gW+FfF8tf2cFjeHaRbWpOYa/uRBz/Xq1Pg==}
    engines: {node: '>=18'}
    cpu: [ia32]
    os: [linux]

  '@esbuild/linux-loong64@0.27.7':
    resolution: {integrity: sha512-a4POruNM2oWsD4WKvBSEKGIiWQF8fZOAsycHOt6JBpZ+JN2n2JH9WAv56SOyu9X5IqAjqSIPTaJkqN8F7XOQ5Q==}
    engines: {node: '>=18'}
    cpu: [loong64]
    os: [linux]

  '@esbuild/linux-mips64el@0.27.7':
    resolution: {integrity: sha512-KabT5I6StirGfIz0FMgl1I+R1H73Gp0ofL9A3nG3i/cYFJzKHhouBV5VWK1CSgKvVaG4q1RNpCTR2LuTVB3fIw==}
    engines: {node: '>=18'}
    cpu: [mips64el]
    os: [linux]

  '@esbuild/linux-ppc64@0.27.7':
    resolution: {integrity: sha512-gRsL4x6wsGHGRqhtI+ifpN/vpOFTQtnbsupUF5R5YTAg+y/lKelYR1hXbnBdzDjGbMYjVJLJTd2OFmMewAgwlQ==}
    engines: {node: '>=18'}
    cpu: [ppc64]
    os: [linux]

  '@esbuild/linux-riscv64@0.27.7':
    resolution: {integrity: sha512-hL25LbxO1QOngGzu2U5xeXtxXcW+/GvMN3ejANqXkxZ/opySAZMrc+9LY/WyjAan41unrR3YrmtTsUpwT66InQ==}
    engines: {node: '>=18'}
    cpu: [riscv64]
    os: [linux]

  '@esbuild/linux-s390x@0.27.7':
    resolution: {integrity: sha512-2k8go8Ycu1Kb46vEelhu1vqEP+UeRVj2zY1pSuPdgvbd5ykAw82Lrro28vXUrRmzEsUV0NzCf54yARIK8r0fdw==}
    engines: {node: '>=18'}
    cpu: [s390x]
    os: [linux]

  '@esbuild/linux-x64@0.27.7':
    resolution: {integrity: sha512-hzznmADPt+OmsYzw1EE33ccA+HPdIqiCRq7cQeL1Jlq2gb1+OyWBkMCrYGBJ+sxVzve2ZJEVeePbLM2iEIZSxA==}
    engines: {node: '>=18'}
    cpu: [x64]
    os: [linux]

  '@esbuild/netbsd-arm64@0.27.7':
    resolution: {integrity: sha512-b6pqtrQdigZBwZxAn1UpazEisvwaIDvdbMbmrly7cDTMFnw/+3lVxxCTGOrkPVnsYIosJJXAsILG9XcQS+Yu6w==}
    engines: {node: '>=18'}
    cpu: [arm64]
    os: [netbsd]

  '@esbuild/netbsd-x64@0.27.7':
    resolution: {integrity: sha512-OfatkLojr6U+WN5EDYuoQhtM+1xco+/6FSzJJnuWiUw5eVcicbyK3dq5EeV/QHT1uy6GoDhGbFpprUiHUYggrw==}
    engines: {node: '>=18'}
    cpu: [x64]
    os: [netbsd]

  '@esbuild/openbsd-arm64@0.27.7':
    resolution: {integrity: sha512-AFuojMQTxAz75Fo8idVcqoQWEHIXFRbOc1TrVcFSgCZtQfSdc1RXgB3tjOn/krRHENUB4j00bfGjyl2mJrU37A==}
    engines: {node: '>=18'}
    cpu: [arm64]
    os: [openbsd]

  '@esbuild/openbsd-x64@0.27.7':
    resolution: {integrity: sha512-+A1NJmfM8WNDv5CLVQYJ5PshuRm/4cI6WMZRg1by1GwPIQPCTs1GLEUHwiiQGT5zDdyLiRM/l1G0Pv54gvtKIg==}
    engines: {node: '>=18'}
    cpu: [x64]
    os: [openbsd]

  '@esbuild/openharmony-arm64@0.27.7':
    resolution: {integrity: sha512-+KrvYb/C8zA9CU/g0sR6w2RBw7IGc5J2BPnc3dYc5VJxHCSF1yNMxTV5LQ7GuKteQXZtspjFbiuW5/dOj7H4Yw==}
    engines: {node: '>=18'}
    cpu: [arm64]
    os: [openharmony]

  '@esbuild/sunos-x64@0.27.7':
    resolution: {integrity: sha512-ikktIhFBzQNt/QDyOL580ti9+5mL/YZeUPKU2ivGtGjdTYoqz6jObj6nOMfhASpS4GU4Q/Clh1QtxWAvcYKamA==}
    engines: {node: '>=18'}
    cpu: [x64]
    os: [sunos]

  '@esbuild/win32-arm64@0.27.7':
    resolution: {integrity: sha512-7yRhbHvPqSpRUV7Q20VuDwbjW5kIMwTHpptuUzV+AA46kiPze5Z7qgt6CLCK3pWFrHeNfDd1VKgyP4O+ng17CA==}
    engines: {node: '>=18'}
    cpu: [arm64]
    os: [win32]

  '@esbuild/win32-ia32@0.27.7':
    resolution: {integrity: sha512-SmwKXe6VHIyZYbBLJrhOoCJRB/Z1tckzmgTLfFYOfpMAx63BJEaL9ExI8x7v0oAO3Zh6D/Oi1gVxEYr5oUCFhw==}
    engines: {node: '>=18'}
    cpu: [ia32]
    os: [win32]

  '@esbuild/win32-x64@0.27.7':
    resolution: {integrity: sha512-56hiAJPhwQ1R4i+21FVF7V8kSD5zZTdHcVuRFMW0hn753vVfQN8xlx4uOPT4xoGH0Z/oVATuR82AiqSTDIpaHg==}
    engines: {node: '>=18'}
    cpu: [x64]
    os: [win32]

  '@inkandswitch/patchwork-bootloader@0.0.4':
    resolution: {integrity: sha512-3VWkDYPTiY4H2+877tYHptRGQcCg22uoa0NG+7cgwbmETcBhnXheoLh/cv3clPf2mcMiglhY1Htt7ezkgKa17g==}
    peerDependencies:
      '@automerge/automerge': 3.2.1
      '@automerge/automerge-repo': 2.5.0
      '@automerge/automerge-repo-keyhive': 0.0.0-alpha.71
      '@automerge/vanillajs': 2.5.0
      '@keyhive/keyhive': 0.0.0-alpha.40

  '@inkandswitch/patchwork-filesystem@0.0.3':
    resolution: {integrity: sha512-x6yqX1Xyr05ug4YfRyfKJ7jSm/zjhMxU7g/e70nz4QbxfLmcG98LHB9qAkFI2zd+VvKLnTvSpPGu2UvJzXGciw==}

  '@inkandswitch/patchwork-plugins@0.0.6':
    resolution: {integrity: sha512-BoDeVa/feJ3zNVCyo7X6kdR7Yv9Fl4ZK2iQ/iObOoFL+fkdglgGccz1LDeY/qYyo4Z1mnTph/s0MIwtKm1AYyw==}
    peerDependencies:
      '@automerge/automerge': '*'
      '@automerge/automerge-repo': '*'
      '@inkandswitch/patchwork-filesystem': ^0.0.4

  '@keyhive/keyhive@0.0.0-alpha.40':
    resolution: {integrity: sha512-FlvtX6ZK2q47OqqJZ/8G+SAevKJxjSdldhwJPlhUT9QTIv0LNmJO17pkEtLJ0VVrmPryP0tKQDIaQtmcE1f7Tg==}

  '@noble/hashes@1.8.0':
    resolution: {integrity: sha512-jCs9ldd7NwzpgXDIf6P3+NrHh9/sD6CQdxHyjQI+h/6rDNo88ypBxxz45UDuZHz9r3tNz7N/VInSVoVdtXEI4A==}
    engines: {node: ^14.21.3 || >=16}

  '@rollup/rollup-android-arm-eabi@4.60.1':
    resolution: {integrity: sha512-d6FinEBLdIiK+1uACUttJKfgZREXrF0Qc2SmLII7W2AD8FfiZ9Wjd+rD/iRuf5s5dWrr1GgwXCvPqOuDquOowA==}
    cpu: [arm]
    os: [android]

  '@rollup/rollup-android-arm64@4.60.1':
    resolution: {integrity: sha512-YjG/EwIDvvYI1YvYbHvDz/BYHtkY4ygUIXHnTdLhG+hKIQFBiosfWiACWortsKPKU/+dUwQQCKQM3qrDe8c9BA==}
    cpu: [arm64]
    os: [android]

  '@rollup/rollup-darwin-arm64@4.60.1':
    resolution: {integrity: sha512-mjCpF7GmkRtSJwon+Rq1N8+pI+8l7w5g9Z3vWj4T7abguC4Czwi3Yu/pFaLvA3TTeMVjnu3ctigusqWUfjZzvw==}
    cpu: [arm64]
    os: [darwin]

  '@rollup/rollup-darwin-x64@4.60.1':
    resolution: {integrity: sha512-haZ7hJ1JT4e9hqkoT9R/19XW2QKqjfJVv+i5AGg57S+nLk9lQnJ1F/eZloRO3o9Scy9CM3wQ9l+dkXtcBgN5Ew==}
    cpu: [x64]
    os: [darwin]

  '@rollup/rollup-freebsd-arm64@4.60.1':
    resolution: {integrity: sha512-czw90wpQq3ZsAVBlinZjAYTKduOjTywlG7fEeWKUA7oCmpA8xdTkxZZlwNJKWqILlq0wehoZcJYfBvOyhPTQ6w==}
    cpu: [arm64]
    os: [freebsd]

  '@rollup/rollup-freebsd-x64@4.60.1':
    resolution: {integrity: sha512-KVB2rqsxTHuBtfOeySEyzEOB7ltlB/ux38iu2rBQzkjbwRVlkhAGIEDiiYnO2kFOkJp+Z7pUXKyrRRFuFUKt+g==}
    cpu: [x64]
    os: [freebsd]

  '@rollup/rollup-linux-arm-gnueabihf@4.60.1':
    resolution: {integrity: sha512-L+34Qqil+v5uC0zEubW7uByo78WOCIrBvci69E7sFASRl0X7b/MB6Cqd1lky/CtcSVTydWa2WZwFuWexjS5o6g==}
    cpu: [arm]
    os: [linux]

  '@rollup/rollup-linux-arm-musleabihf@4.60.1':
    resolution: {integrity: sha512-n83O8rt4v34hgFzlkb1ycniJh7IR5RCIqt6mz1VRJD6pmhRi0CXdmfnLu9dIUS6buzh60IvACM842Ffb3xd6Gg==}
    cpu: [arm]
    os: [linux]

  '@rollup/rollup-linux-arm64-gnu@4.60.1':
    resolution: {integrity: sha512-Nql7sTeAzhTAja3QXeAI48+/+GjBJ+QmAH13snn0AJSNL50JsDqotyudHyMbO2RbJkskbMbFJfIJKWA6R1LCJQ==}
    cpu: [arm64]
    os: [linux]

  '@rollup/rollup-linux-arm64-musl@4.60.1':
    resolution: {integrity: sha512-+pUymDhd0ys9GcKZPPWlFiZ67sTWV5UU6zOJat02M1+PiuSGDziyRuI/pPue3hoUwm2uGfxdL+trT6Z9rxnlMA==}
    cpu: [arm64]
    os: [linux]

  '@rollup/rollup-linux-loong64-gnu@4.60.1':
    resolution: {integrity: sha512-VSvgvQeIcsEvY4bKDHEDWcpW4Yw7BtlKG1GUT4FzBUlEKQK0rWHYBqQt6Fm2taXS+1bXvJT6kICu5ZwqKCnvlQ==}
    cpu: [loong64]
    os: [linux]

  '@rollup/rollup-linux-loong64-musl@4.60.1':
    resolution: {integrity: sha512-4LqhUomJqwe641gsPp6xLfhqWMbQV04KtPp7/dIp0nzPxAkNY1AbwL5W0MQpcalLYk07vaW9Kp1PBhdpZYYcEw==}
    cpu: [loong64]
    os: [linux]

  '@rollup/rollup-linux-ppc64-gnu@4.60.1':
    resolution: {integrity: sha512-tLQQ9aPvkBxOc/EUT6j3pyeMD6Hb8QF2BTBnCQWP/uu1lhc9AIrIjKnLYMEroIz/JvtGYgI9dF3AxHZNaEH0rw==}
    cpu: [ppc64]
    os: [linux]

  '@rollup/rollup-linux-ppc64-musl@4.60.1':
    resolution: {integrity: sha512-RMxFhJwc9fSXP6PqmAz4cbv3kAyvD1etJFjTx4ONqFP9DkTkXsAMU4v3Vyc5BgzC+anz7nS/9tp4obsKfqkDHg==}
    cpu: [ppc64]
    os: [linux]

  '@rollup/rollup-linux-riscv64-gnu@4.60.1':
    resolution: {integrity: sha512-QKgFl+Yc1eEk6MmOBfRHYF6lTxiiiV3/z/BRrbSiW2I7AFTXoBFvdMEyglohPj//2mZS4hDOqeB0H1ACh3sBbg==}
    cpu: [riscv64]
    os: [linux]

  '@rollup/rollup-linux-riscv64-musl@4.60.1':
    resolution: {integrity: sha512-RAjXjP/8c6ZtzatZcA1RaQr6O1TRhzC+adn8YZDnChliZHviqIjmvFwHcxi4JKPSDAt6Uhf/7vqcBzQJy0PDJg==}
    cpu: [riscv64]
    os: [linux]

  '@rollup/rollup-linux-s390x-gnu@4.60.1':
    resolution: {integrity: sha512-wcuocpaOlaL1COBYiA89O6yfjlp3RwKDeTIA0hM7OpmhR1Bjo9j31G1uQVpDlTvwxGn2nQs65fBFL5UFd76FcQ==}
    cpu: [s390x]
    os: [linux]

  '@rollup/rollup-linux-x64-gnu@4.60.1':
    resolution: {integrity: sha512-77PpsFQUCOiZR9+LQEFg9GClyfkNXj1MP6wRnzYs0EeWbPcHs02AXu4xuUbM1zhwn3wqaizle3AEYg5aeoohhg==}
    cpu: [x64]
    os: [linux]

  '@rollup/rollup-linux-x64-musl@4.60.1':
    resolution: {integrity: sha512-5cIATbk5vynAjqqmyBjlciMJl1+R/CwX9oLk/EyiFXDWd95KpHdrOJT//rnUl4cUcskrd0jCCw3wpZnhIHdD9w==}
    cpu: [x64]
    os: [linux]

  '@rollup/rollup-openbsd-x64@4.60.1':
    resolution: {integrity: sha512-cl0w09WsCi17mcmWqqglez9Gk8isgeWvoUZ3WiJFYSR3zjBQc2J5/ihSjpl+VLjPqjQ/1hJRcqBfLjssREQILw==}
    cpu: [x64]
    os: [openbsd]

  '@rollup/rollup-openharmony-arm64@4.60.1':
    resolution: {integrity: sha512-4Cv23ZrONRbNtbZa37mLSueXUCtN7MXccChtKpUnQNgF010rjrjfHx3QxkS2PI7LqGT5xXyYs1a7LbzAwT0iCA==}
    cpu: [arm64]
    os: [openharmony]

  '@rollup/rollup-win32-arm64-msvc@4.60.1':
    resolution: {integrity: sha512-i1okWYkA4FJICtr7KpYzFpRTHgy5jdDbZiWfvny21iIKky5YExiDXP+zbXzm3dUcFpkEeYNHgQ5fuG236JPq0g==}
    cpu: [arm64]
    os: [win32]

  '@rollup/rollup-win32-ia32-msvc@4.60.1':
    resolution: {integrity: sha512-u09m3CuwLzShA0EYKMNiFgcjjzwqtUMLmuCJLeZWjjOYA3IT2Di09KaxGBTP9xVztWyIWjVdsB2E9goMjZvTQg==}
    cpu: [ia32]
    os: [win32]

  '@rollup/rollup-win32-x64-gnu@4.60.1':
    resolution: {integrity: sha512-k+600V9Zl1CM7eZxJgMyTUzmrmhB/0XZnF4pRypKAlAgxmedUA+1v9R+XOFv56W4SlHEzfeMtzujLJD22Uz5zg==}
    cpu: [x64]
    os: [win32]

  '@rollup/rollup-win32-x64-msvc@4.60.1':
    resolution: {integrity: sha512-lWMnixq/QzxyhTV6NjQJ4SFo1J6PvOX8vUx5Wb4bBPsEb+8xZ89Bz6kOXpfXj9ak9AHTQVQzlgzBEc1SyM27xQ==}
    cpu: [x64]
    os: [win32]

  '@types/debug@4.1.13':
    resolution: {integrity: sha512-KSVgmQmzMwPlmtljOomayoR89W4FynCAi3E8PPs7vmDVPe84hT+vGPKkJfThkmXs0x0jAaa9U8uW8bbfyS2fWw==}

  '@types/estree@1.0.8':
    resolution: {integrity: sha512-dWHzHa2WqEXI/O1E9OjrocMTKJl2mSrEolh1Iomrv6U+JuNwaHXsXx9bLu5gG7BUWFIN0skIQJQ/L1rIex4X6w==}

  '@types/ms@2.1.0':
    resolution: {integrity: sha512-GsCCIZDE/p3i96vtEqx+7dBUGXrc7zeSK3wwPHIaRThS+9OhWIXRqzs4d6k1SVU8g91DrNRWxWUGhp5KXQb2VA==}

  '@types/node@20.19.39':
    resolution: {integrity: sha512-orrrD74MBUyK8jOAD/r0+lfa1I2MO6I+vAkmAWzMYbCcgrN4lCrmK52gRFQq/JRxfYPfonkr4b0jcY7Olqdqbw==}

  '@types/serviceworker@0.0.153':
    resolution: {integrity: sha512-/cg6dFEkNchJLyRCGo4Gb8mF200qr3xskM5dCPgbtK0OzXxcFcXa6BEBdyG7JksRsTrvCR+V6aFPncoOYAwYhQ==}

  base-x@4.0.1:
    resolution: {integrity: sha512-uAZ8x6r6S3aUM9rbHGVOIsR15U/ZSc82b3ymnCPsT45Gk1DDvhDPdIgB5MrhirZWt+5K0EEPQH985kNqZgNPFw==}

  bs58@5.0.0:
    resolution: {integrity: sha512-r+ihvQJvahgYT50JD05dyJNKlmmSlMoOGwn1lCcEzanPglg7TxYjioQUYehQ9mAR/+hOSd2jRc/Z2y5UxBymvQ==}

  bs58check@3.0.1:
    resolution: {integrity: sha512-hjuuJvoWEybo7Hn/0xOrczQKKEKD63WguEjlhLExYs2wUBcebDC1jDNK17eEAD2lYfw82d5ASC1d7K3SWszjaQ==}

  cbor-extract@2.2.2:
    resolution: {integrity: sha512-hlSxxI9XO2yQfe9g6msd3g4xCfDqK5T5P0fRMLuaLHhxn4ViPrm+a+MUfhrvH2W962RGxcBwEGzLQyjbDG1gng==}
    hasBin: true

  cbor-x@1.6.4:
    resolution: {integrity: sha512-UGKHjp6RHC6QuZ2yy5LCKm7MojM4716DwoSaqwQpaH4DvZvbBTGcoDNTiG9Y2lByXZYFEs9WRkS5tLl96IrF1Q==}

  debug@4.4.3:
    resolution: {integrity: sha512-RGwwWnwQvkVfavKVt22FGLw+xYSdzARwm0ru6DhTVA3umU5hZc28V3kO4stgYryrTlLpuvgI9GiijltAjNbcqA==}
    engines: {node: '>=6.0'}
    peerDependencies:
      supports-color: '*'
    peerDependenciesMeta:
      supports-color:
        optional: true

  detect-libc@2.1.2:
    resolution: {integrity: sha512-Btj2BOOO83o3WyH59e8MgXsxEQVcarkUOpEYrubB0urwnN10yQ364rsiByU11nZlqWYZm05i/of7io4mzihBtQ==}
    engines: {node: '>=8'}

  esbuild@0.27.7:
    resolution: {integrity: sha512-IxpibTjyVnmrIQo5aqNpCgoACA/dTKLTlhMHihVHhdkxKyPO1uBBthumT0rdHmcsk9uMonIWS0m4FljWzILh3w==}
    engines: {node: '>=18'}
    hasBin: true

  eventemitter3@5.0.4:
    resolution: {integrity: sha512-mlsTRyGaPBjPedk6Bvw+aqbsXDtoAyAzm5MO7JgU+yVRyMQ5O8bD4Kcci7BS85f93veegeCPkL8R4GLClnjLFw==}

  fast-sha256@1.3.0:
    resolution: {integrity: sha512-n11RGP/lrWEFI/bWdygLxhI+pVeo1ZYIVwvvPkW7azl/rOy+F3HYRZ2K5zeE9mmkhQppyv9sQFx0JM9UabnpPQ==}

  fdir@6.5.0:
    resolution: {integrity: sha512-tIbYtZbucOs0BRGqPJkshJUYdL+SDH7dVM8gjy+ERp3WAUjLEFJE+02kanyHtwjWOnwrKYBiwAmM0p4kLJAnXg==}
    engines: {node: '>=12.0.0'}
    peerDependencies:
      picomatch: ^3 || ^4
    peerDependenciesMeta:
      picomatch:
        optional: true

  fsevents@2.3.3:
    resolution: {integrity: sha512-5xoDfX+fL7faATnagmWPpbFtwh/R77WmMMqqHGS65C3vvB0YHrgF+B1YmZ3441tMj5n63k0212XNoJwzlhffQw==}
    engines: {node: ^8.16.0 || ^10.6.0 || >=11.0.0}
    os: [darwin]

  isomorphic-ws@5.0.0:
    resolution: {integrity: sha512-muId7Zzn9ywDsyXgTIafTry2sV3nySZeUDe6YedVd1Hvuuep5AsIlqK+XefWpYTyJG5e503F2xIuT2lcU6rCSw==}
    peerDependencies:
      ws: '*'

  ms@2.1.3:
    resolution: {integrity: sha512-6FlzubTLZG3J2a/NVCAleEhjzq5oxgHyaCU9yYXvcLsvoVaHJq/s5xXI6/XXP6tz7R9xAOtHnSO/tXtF3WRTlA==}

  nanoid@3.3.11:
    resolution: {integrity: sha512-N8SpfPUnUp1bK+PMYW8qSWdl9U+wwNWI4QKxOYDy9JAro3WMX7p2OeVRF9v+347pnakNevPmiHhNmZ2HbFA76w==}
    engines: {node: ^10 || ^12 || ^13.7 || ^14 || >=15.0.1}
    hasBin: true

  node-gyp-build-optional-packages@5.1.1:
    resolution: {integrity: sha512-+P72GAjVAbTxjjwUmwjVrqrdZROD4nf8KgpBoDxqXXTiYZZt/ud60dE5yvCSr9lRO8e8yv6kgJIC0K0PfZFVQw==}
    hasBin: true

  picocolors@1.1.1:
    resolution: {integrity: sha512-xceH2snhtb5M9liqDsmEw56le376mTZkEX/jEb/RxNFyegNul7eNslCXP9FDj/Lcu0X8KEyMceP2ntpaHrDEVA==}

  picomatch@4.0.4:
    resolution: {integrity: sha512-QP88BAKvMam/3NxH6vj2o21R6MjxZUAd6nlwAS/pnGvN9IVLocLHxGYIzFhg6fUQ+5th6P4dv4eW9jX3DSIj7A==}
    engines: {node: '>=12'}

  postcss@8.5.10:
    resolution: {integrity: sha512-pMMHxBOZKFU6HgAZ4eyGnwXF/EvPGGqUr0MnZ5+99485wwW41kW91A4LOGxSHhgugZmSChL5AlElNdwlNgcnLQ==}
    engines: {node: ^10 || ^12 || >=14}

  resolve.exports@2.0.3:
    resolution: {integrity: sha512-OcXjMsGdhL4XnbShKpAcSqPMzQoYkYyhbEaeSko47MjRP9NfEQMhZkXL1DoFlt9LWQn4YttrdnV6X2OiyzBi+A==}
    engines: {node: '>=10'}

  rollup@4.60.1:
    resolution: {integrity: sha512-VmtB2rFU/GroZ4oL8+ZqXgSA38O6GR8KSIvWmEFv63pQ0G6KaBH9s07PO8XTXP4vI+3UJUEypOfjkGfmSBBR0w==}
    engines: {node: '>=18.0.0', npm: '>=8.0.0'}
    hasBin: true

  source-map-js@1.2.1:
    resolution: {integrity: sha512-UXWMKhLOwVKb728IUtQPXxfYU+usdybtUrK/8uGE8CQMvrhOpwvzDBwj0QhSL7MQc7vIsISBG8VQ8+IDQxpfQA==}
    engines: {node: '>=0.10.0'}

  tinyargs@0.1.4:
    resolution: {integrity: sha512-5OpdhMRRE70j0zT7mrBpx12FJI+y0EGx8zMe8Vl2/aiwGgpW3X70OVHlsHmHeeG0ncnnWdq1o+k/S5d9ONgzGA==}
    engines: {node: '>=14'}

  tinyglobby@0.2.16:
    resolution: {integrity: sha512-pn99VhoACYR8nFHhxqix+uvsbXineAasWm5ojXoN8xEwK5Kd3/TrhNn1wByuD52UxWRLy8pu+kRMniEi6Eq9Zg==}
    engines: {node: '>=12.0.0'}

  undici-types@6.21.0:
    resolution: {integrity: sha512-iwDZqg0QAGrg9Rav5H4n0M64c3mkR59cJ6wQp+7C4nI0gsmExaedaYLNO44eT4AtBBwjbTiGPMlt2Md0T9H9JQ==}

  uuid@9.0.1:
    resolution: {integrity: sha512-b+1eJOlsR9K8HJpow9Ok3fiWOWSIcIzXodvv0rQjVoOVNpWMpxf1wZNpt4y9h10odCNrqnYp1OBzRktckBe3sA==}
    hasBin: true

  vite-plugin-css-injected-by-js@3.5.2:
    resolution: {integrity: sha512-2MpU/Y+SCZyWUB6ua3HbJCrgnF0KACAsmzOQt1UvRVJCGF6S8xdA3ZUhWcWdM9ivG4I5az8PnQmwwrkC2CAQrQ==}
    peerDependencies:
      vite: '>2.0.0-0'

  vite@7.3.2:
    resolution: {integrity: sha512-Bby3NOsna2jsjfLVOHKes8sGwgl4TT0E6vvpYgnAYDIF/tie7MRaFthmKuHx1NSXjiTueXH3do80FMQgvEktRg==}
    engines: {node: ^20.19.0 || >=22.12.0}
    hasBin: true
    peerDependencies:
      '@types/node': ^20.19.0 || >=22.12.0
      jiti: '>=1.21.0'
      less: ^4.0.0
      lightningcss: ^1.21.0
      sass: ^1.70.0
      sass-embedded: ^1.70.0
      stylus: '>=0.54.8'
      sugarss: ^5.0.0
      terser: ^5.16.0
      tsx: ^4.8.1
      yaml: ^2.4.2
    peerDependenciesMeta:
      '@types/node':
        optional: true
      jiti:
        optional: true
      less:
        optional: true
      lightningcss:
        optional: true
      sass:
        optional: true
      sass-embedded:
        optional: true
      stylus:
        optional: true
      sugarss:
        optional: true
      terser:
        optional: true
      tsx:
        optional: true
      yaml:
        optional: true

  ws@8.20.0:
    resolution: {integrity: sha512-sAt8BhgNbzCtgGbt2OxmpuryO63ZoDk/sqaB/znQm94T4fCEsy/yV+7CdC1kJhOU9lboAEU7R3kquuycDoibVA==}
    engines: {node: '>=10.0.0'}
    peerDependencies:
      bufferutil: ^4.0.1
      utf-8-validate: '>=5.0.2'
    peerDependenciesMeta:
      bufferutil:
        optional: true
      utf-8-validate:
        optional: true

  xstate@5.30.0:
    resolution: {integrity: sha512-mIzIuMjtYVkqXq9dUzYQoag7b/dF1CBS/yhliuPLfR0FwKPC18HiUivb/crcqY2gknhR8gJEhnppLg6ubQ0gGw==}

snapshots:

  '@automerge/automerge-repo-keyhive@0.0.0-alpha.71':
    dependencies:
      '@automerge/automerge-repo': 2.5.0-alpha.2
      '@automerge/automerge-repo-network-websocket': 2.5.0-alpha.2
      '@keyhive/keyhive': 0.0.0-alpha.40
      eventemitter3: 5.0.4
    transitivePeerDependencies:
      - bufferutil
      - supports-color
      - utf-8-validate

  '@automerge/automerge-repo-network-broadcastchannel@2.5.0':
    dependencies:
      '@automerge/automerge-repo': 2.5.0
    transitivePeerDependencies:
      - supports-color

  '@automerge/automerge-repo-network-messagechannel@2.5.0':
    dependencies:
      '@automerge/automerge-repo': 2.5.0
      debug: 4.4.3
      eventemitter3: 5.0.4
    transitivePeerDependencies:
      - supports-color

  '@automerge/automerge-repo-network-websocket@2.5.0':
    dependencies:
      '@automerge/automerge-repo': 2.5.0
      cbor-x: 1.6.4
      debug: 4.4.3
      eventemitter3: 5.0.4
      isomorphic-ws: 5.0.0(ws@8.20.0)
      ws: 8.20.0
    transitivePeerDependencies:
      - bufferutil
      - supports-color
      - utf-8-validate

  '@automerge/automerge-repo-network-websocket@2.5.0-alpha.2':
    dependencies:
      '@automerge/automerge-repo': 2.5.0-alpha.2
      cbor-x: 1.6.4
      debug: 4.4.3
      eventemitter3: 5.0.4
      isomorphic-ws: 5.0.0(ws@8.20.0)
      ws: 8.20.0
    transitivePeerDependencies:
      - bufferutil
      - supports-color
      - utf-8-validate

  '@automerge/automerge-repo-storage-indexeddb@2.5.0':
    dependencies:
      '@automerge/automerge-repo': 2.5.0
    transitivePeerDependencies:
      - supports-color

  '@automerge/automerge-repo@2.5.0':
    dependencies:
      '@automerge/automerge': 3.2.5
      bs58check: 3.0.1
      cbor-x: 1.6.4
      debug: 4.4.3
      eventemitter3: 5.0.4
      fast-sha256: 1.3.0
      uuid: 9.0.1
      xstate: 5.30.0
    transitivePeerDependencies:
      - supports-color

  '@automerge/automerge-repo@2.5.0-alpha.2':
    dependencies:
      '@automerge/automerge': 3.2.5
      bs58check: 3.0.1
      cbor-x: 1.6.4
      debug: 4.4.3
      eventemitter3: 5.0.4
      fast-sha256: 1.3.0
      uuid: 9.0.1
      xstate: 5.30.0
    transitivePeerDependencies:
      - supports-color

  '@automerge/automerge-repo@2.6.0-subduction.12':
    dependencies:
      '@automerge/automerge': 3.2.5
      '@automerge/automerge-subduction': 0.7.0
      bs58check: 3.0.1
      cbor-x: 1.6.4
      debug: 4.4.3
      eventemitter3: 5.0.4
      fast-sha256: 1.3.0
      isomorphic-ws: 5.0.0(ws@8.20.0)
      uuid: 9.0.1
      ws: 8.20.0
      xstate: 5.30.0
    transitivePeerDependencies:
      - bufferutil
      - supports-color
      - utf-8-validate

  '@automerge/automerge-subduction@0.7.0': {}

  '@automerge/automerge@3.2.1': {}

  '@automerge/automerge@3.2.5': {}

  '@automerge/vanillajs@2.5.0':
    dependencies:
      '@automerge/automerge-repo': 2.5.0
      '@automerge/automerge-repo-network-broadcastchannel': 2.5.0
      '@automerge/automerge-repo-network-messagechannel': 2.5.0
      '@automerge/automerge-repo-network-websocket': 2.5.0
      '@automerge/automerge-repo-storage-indexeddb': 2.5.0
    transitivePeerDependencies:
      - bufferutil
      - supports-color
      - utf-8-validate

  '@cbor-extract/cbor-extract-darwin-arm64@2.2.2':
    optional: true

  '@cbor-extract/cbor-extract-darwin-x64@2.2.2':
    optional: true

  '@cbor-extract/cbor-extract-linux-arm64@2.2.2':
    optional: true

  '@cbor-extract/cbor-extract-linux-arm@2.2.2':
    optional: true

  '@cbor-extract/cbor-extract-linux-x64@2.2.2':
    optional: true

  '@cbor-extract/cbor-extract-win32-x64@2.2.2':
    optional: true

  '@esbuild/aix-ppc64@0.27.7':
    optional: true

  '@esbuild/android-arm64@0.27.7':
    optional: true

  '@esbuild/android-arm@0.27.7':
    optional: true

  '@esbuild/android-x64@0.27.7':
    optional: true

  '@esbuild/darwin-arm64@0.27.7':
    optional: true

  '@esbuild/darwin-x64@0.27.7':
    optional: true

  '@esbuild/freebsd-arm64@0.27.7':
    optional: true

  '@esbuild/freebsd-x64@0.27.7':
    optional: true

  '@esbuild/linux-arm64@0.27.7':
    optional: true

  '@esbuild/linux-arm@0.27.7':
    optional: true

  '@esbuild/linux-ia32@0.27.7':
    optional: true

  '@esbuild/linux-loong64@0.27.7':
    optional: true

  '@esbuild/linux-mips64el@0.27.7':
    optional: true

  '@esbuild/linux-ppc64@0.27.7':
    optional: true

  '@esbuild/linux-riscv64@0.27.7':
    optional: true

  '@esbuild/linux-s390x@0.27.7':
    optional: true

  '@esbuild/linux-x64@0.27.7':
    optional: true

  '@esbuild/netbsd-arm64@0.27.7':
    optional: true

  '@esbuild/netbsd-x64@0.27.7':
    optional: true

  '@esbuild/openbsd-arm64@0.27.7':
    optional: true

  '@esbuild/openbsd-x64@0.27.7':
    optional: true

  '@esbuild/openharmony-arm64@0.27.7':
    optional: true

  '@esbuild/sunos-x64@0.27.7':
    optional: true

  '@esbuild/win32-arm64@0.27.7':
    optional: true

  '@esbuild/win32-ia32@0.27.7':
    optional: true

  '@esbuild/win32-x64@0.27.7':
    optional: true

  '@inkandswitch/patchwork-bootloader@0.0.4(@automerge/automerge-repo-keyhive@0.0.0-alpha.71)(@automerge/automerge-repo@2.6.0-subduction.12)(@automerge/automerge@3.2.5)(@automerge/vanillajs@2.5.0)(@keyhive/keyhive@0.0.0-alpha.40)':
    dependencies:
      '@automerge/automerge': 3.2.5
      '@automerge/automerge-repo': 2.6.0-subduction.12
      '@automerge/automerge-repo-keyhive': 0.0.0-alpha.71
      '@automerge/vanillajs': 2.5.0
      '@keyhive/keyhive': 0.0.0-alpha.40
      '@types/debug': 4.1.13
      debug: 4.4.3
      resolve.exports: 2.0.3
      service-worker-types: '@types/serviceworker@0.0.153'
      tinyargs: 0.1.4
    transitivePeerDependencies:
      - supports-color

  '@inkandswitch/patchwork-filesystem@0.0.3':
    dependencies:
      '@automerge/automerge': 3.2.1
      '@automerge/automerge-repo': 2.5.0
      '@types/debug': 4.1.13
      '@types/node': 20.19.39
      debug: 4.4.3
      resolve.exports: 2.0.3
    transitivePeerDependencies:
      - supports-color

  '@inkandswitch/patchwork-plugins@0.0.6(@automerge/automerge-repo@2.6.0-subduction.12)(@automerge/automerge@3.2.5)(@inkandswitch/patchwork-filesystem@0.0.3)':
    dependencies:
      '@automerge/automerge': 3.2.5
      '@automerge/automerge-repo': 2.6.0-subduction.12
      '@inkandswitch/patchwork-filesystem': 0.0.3
      '@types/debug': 4.1.13
      '@types/node': 20.19.39
      debug: 4.4.3
      eventemitter3: 5.0.4
      resolve.exports: 2.0.3
    transitivePeerDependencies:
      - supports-color

  '@keyhive/keyhive@0.0.0-alpha.40': {}

  '@noble/hashes@1.8.0': {}

  '@rollup/rollup-android-arm-eabi@4.60.1':
    optional: true

  '@rollup/rollup-android-arm64@4.60.1':
    optional: true

  '@rollup/rollup-darwin-arm64@4.60.1':
    optional: true

  '@rollup/rollup-darwin-x64@4.60.1':
    optional: true

  '@rollup/rollup-freebsd-arm64@4.60.1':
    optional: true

  '@rollup/rollup-freebsd-x64@4.60.1':
    optional: true

  '@rollup/rollup-linux-arm-gnueabihf@4.60.1':
    optional: true

  '@rollup/rollup-linux-arm-musleabihf@4.60.1':
    optional: true

  '@rollup/rollup-linux-arm64-gnu@4.60.1':
    optional: true

  '@rollup/rollup-linux-arm64-musl@4.60.1':
    optional: true

  '@rollup/rollup-linux-loong64-gnu@4.60.1':
    optional: true

  '@rollup/rollup-linux-loong64-musl@4.60.1':
    optional: true

  '@rollup/rollup-linux-ppc64-gnu@4.60.1':
    optional: true

  '@rollup/rollup-linux-ppc64-musl@4.60.1':
    optional: true

  '@rollup/rollup-linux-riscv64-gnu@4.60.1':
    optional: true

  '@rollup/rollup-linux-riscv64-musl@4.60.1':
    optional: true

  '@rollup/rollup-linux-s390x-gnu@4.60.1':
    optional: true

  '@rollup/rollup-linux-x64-gnu@4.60.1':
    optional: true

  '@rollup/rollup-linux-x64-musl@4.60.1':
    optional: true

  '@rollup/rollup-openbsd-x64@4.60.1':
    optional: true

  '@rollup/rollup-openharmony-arm64@4.60.1':
    optional: true

  '@rollup/rollup-win32-arm64-msvc@4.60.1':
    optional: true

  '@rollup/rollup-win32-ia32-msvc@4.60.1':
    optional: true

  '@rollup/rollup-win32-x64-gnu@4.60.1':
    optional: true

  '@rollup/rollup-win32-x64-msvc@4.60.1':
    optional: true

  '@types/debug@4.1.13':
    dependencies:
      '@types/ms': 2.1.0

  '@types/estree@1.0.8': {}

  '@types/ms@2.1.0': {}

  '@types/node@20.19.39':
    dependencies:
      undici-types: 6.21.0

  '@types/serviceworker@0.0.153': {}

  base-x@4.0.1: {}

  bs58@5.0.0:
    dependencies:
      base-x: 4.0.1

  bs58check@3.0.1:
    dependencies:
      '@noble/hashes': 1.8.0
      bs58: 5.0.0

  cbor-extract@2.2.2:
    dependencies:
      node-gyp-build-optional-packages: 5.1.1
    optionalDependencies:
      '@cbor-extract/cbor-extract-darwin-arm64': 2.2.2
      '@cbor-extract/cbor-extract-darwin-x64': 2.2.2
      '@cbor-extract/cbor-extract-linux-arm': 2.2.2
      '@cbor-extract/cbor-extract-linux-arm64': 2.2.2
      '@cbor-extract/cbor-extract-linux-x64': 2.2.2
      '@cbor-extract/cbor-extract-win32-x64': 2.2.2
    optional: true

  cbor-x@1.6.4:
    optionalDependencies:
      cbor-extract: 2.2.2

  debug@4.4.3:
    dependencies:
      ms: 2.1.3

  detect-libc@2.1.2:
    optional: true

  esbuild@0.27.7:
    optionalDependencies:
      '@esbuild/aix-ppc64': 0.27.7
      '@esbuild/android-arm': 0.27.7
      '@esbuild/android-arm64': 0.27.7
      '@esbuild/android-x64': 0.27.7
      '@esbuild/darwin-arm64': 0.27.7
      '@esbuild/darwin-x64': 0.27.7
      '@esbuild/freebsd-arm64': 0.27.7
      '@esbuild/freebsd-x64': 0.27.7
      '@esbuild/linux-arm': 0.27.7
      '@esbuild/linux-arm64': 0.27.7
      '@esbuild/linux-ia32': 0.27.7
      '@esbuild/linux-loong64': 0.27.7
      '@esbuild/linux-mips64el': 0.27.7
      '@esbuild/linux-ppc64': 0.27.7
      '@esbuild/linux-riscv64': 0.27.7
      '@esbuild/linux-s390x': 0.27.7
      '@esbuild/linux-x64': 0.27.7
      '@esbuild/netbsd-arm64': 0.27.7
      '@esbuild/netbsd-x64': 0.27.7
      '@esbuild/openbsd-arm64': 0.27.7
      '@esbuild/openbsd-x64': 0.27.7
      '@esbuild/openharmony-arm64': 0.27.7
      '@esbuild/sunos-x64': 0.27.7
      '@esbuild/win32-arm64': 0.27.7
      '@esbuild/win32-ia32': 0.27.7
      '@esbuild/win32-x64': 0.27.7

  eventemitter3@5.0.4: {}

  fast-sha256@1.3.0: {}

  fdir@6.5.0(picomatch@4.0.4):
    optionalDependencies:
      picomatch: 4.0.4

  fsevents@2.3.3:
    optional: true

  isomorphic-ws@5.0.0(ws@8.20.0):
    dependencies:
      ws: 8.20.0

  ms@2.1.3: {}

  nanoid@3.3.11: {}

  node-gyp-build-optional-packages@5.1.1:
    dependencies:
      detect-libc: 2.1.2
    optional: true

  picocolors@1.1.1: {}

  picomatch@4.0.4: {}

  postcss@8.5.10:
    dependencies:
      nanoid: 3.3.11
      picocolors: 1.1.1
      source-map-js: 1.2.1

  resolve.exports@2.0.3: {}

  rollup@4.60.1:
    dependencies:
      '@types/estree': 1.0.8
    optionalDependencies:
      '@rollup/rollup-android-arm-eabi': 4.60.1
      '@rollup/rollup-android-arm64': 4.60.1
      '@rollup/rollup-darwin-arm64': 4.60.1
      '@rollup/rollup-darwin-x64': 4.60.1
      '@rollup/rollup-freebsd-arm64': 4.60.1
      '@rollup/rollup-freebsd-x64': 4.60.1
      '@rollup/rollup-linux-arm-gnueabihf': 4.60.1
      '@rollup/rollup-linux-arm-musleabihf': 4.60.1
      '@rollup/rollup-linux-arm64-gnu': 4.60.1
      '@rollup/rollup-linux-arm64-musl': 4.60.1
      '@rollup/rollup-linux-loong64-gnu': 4.60.1
      '@rollup/rollup-linux-loong64-musl': 4.60.1
      '@rollup/rollup-linux-ppc64-gnu': 4.60.1
      '@rollup/rollup-linux-ppc64-musl': 4.60.1
      '@rollup/rollup-linux-riscv64-gnu': 4.60.1
      '@rollup/rollup-linux-riscv64-musl': 4.60.1
      '@rollup/rollup-linux-s390x-gnu': 4.60.1
      '@rollup/rollup-linux-x64-gnu': 4.60.1
      '@rollup/rollup-linux-x64-musl': 4.60.1
      '@rollup/rollup-openbsd-x64': 4.60.1
      '@rollup/rollup-openharmony-arm64': 4.60.1
      '@rollup/rollup-win32-arm64-msvc': 4.60.1
      '@rollup/rollup-win32-ia32-msvc': 4.60.1
      '@rollup/rollup-win32-x64-gnu': 4.60.1
      '@rollup/rollup-win32-x64-msvc': 4.60.1
      fsevents: 2.3.3

  source-map-js@1.2.1: {}

  tinyargs@0.1.4: {}

  tinyglobby@0.2.16:
    dependencies:
      fdir: 6.5.0(picomatch@4.0.4)
      picomatch: 4.0.4

  undici-types@6.21.0: {}

  uuid@9.0.1: {}

  vite-plugin-css-injected-by-js@3.5.2(vite@7.3.2(@types/node@20.19.39)):
    dependencies:
      vite: 7.3.2(@types/node@20.19.39)

  vite@7.3.2(@types/node@20.19.39):
    dependencies:
      esbuild: 0.27.7
      fdir: 6.5.0(picomatch@4.0.4)
      picomatch: 4.0.4
      postcss: 8.5.10
      rollup: 4.60.1
      tinyglobby: 0.2.16
    optionalDependencies:
      '@types/node': 20.19.39
      fsevents: 2.3.3

  ws@8.20.0: {}

  xstate@5.30.0: {}
